
Microsoft Visual Studio Solution File, Format Version 12.00
# Visual Studio 15
VisualStudioVersion = 15.0.28307.271
MinimumVisualStudioVersion = 10.0.40219.1
Project("{FAE04EC0-301F-11D3-BF4B-00C04F79EFBC}") = "Umbrella2.Pipeline.ViaNearby", "NearbyInterface\Umbrella2.Pipeline.ViaNearby.csproj", "{61A25FD1-E78D-43A2-9AB2-928F08D6D9EC}"
EndProject
Project("{FAE04EC0-301F-11D3-BF4B-00C04F79EFBC}") = "Umbrella2.Pipeline.Standard", "Umbrella2.Pipeline.Standard\Umbrella2.Pipeline.Standard.csproj", "{1CF49A10-B864-4DFF-88F3-4F040CD31615}"
EndProject
Project("{FAE04EC0-301F-11D3-BF4B-00C04F79EFBC}") = "Webrella.ClientInterface", "Webrella.ClientInterface\Webrella.ClientInterface.csproj", "{C4DB9EED-4CA4-4D58-AA5D-D7DD88A308AF}"
EndProject
Project("{FAE04EC0-301F-11D3-BF4B-00C04F79EFBC}") = "NetstackTester", "NetstackTester\NetstackTester.csproj", "{AC5999FB-4B52-4B82-B5B4-FC4F2227D0AF}"
EndProject
Global
	GlobalSection(SolutionConfigurationPlatforms) = preSolution
		Debug|Any CPU = Debug|Any CPU
		Release|Any CPU = Release|Any CPU
	EndGlobalSection
	GlobalSection(ProjectConfigurationPlatforms) = postSolution
		{61A25FD1-E78D-43A2-9AB2-928F08D6D9EC}.Debug|Any CPU.ActiveCfg = Debug|Any CPU
		{61A25FD1-E78D-43A2-9AB2-928F08D6D9EC}.Debug|Any CPU.Build.0 = Debug|Any CPU
		{61A25FD1-E78D-43A2-9AB2-928F08D6D9EC}.Release|Any CPU.ActiveCfg = Release|Any CPU
		{61A25FD1-E78D-43A2-9AB2-928F08D6D9EC}.Release|Any CPU.Build.0 = Release|Any CPU
		{1CF49A10-B864-4DFF-88F3-4F040CD31615}.Debug|Any CPU.ActiveCfg = Debug|Any CPU
		{1CF49A10-B864-4DFF-88F3-4F040CD31615}.Debug|Any CPU.Build.0 = Debug|Any CPU
		{1CF49A10-B864-4DFF-88F3-4F040CD31615}.Release|Any CPU.ActiveCfg = Release|Any CPU
		{1CF49A10-B864-4DFF-88F3-4F040CD31615}.Release|Any CPU.Build.0 = Release|Any CPU
		{C4DB9EED-4CA4-4D58-AA5D-D7DD88A308AF}.Debug|Any CPU.ActiveCfg = Debug|Any CPU
		{C4DB9EED-4CA4-4D58-AA5D-D7DD88A308AF}.Debug|Any CPU.Build.0 = Debug|Any CPU
		{C4DB9EED-4CA4-4D58-AA5D-D7DD88A308AF}.Release|Any CPU.ActiveCfg = Release|Any CPU
		{C4DB9EED-4CA4-4D58-AA5D-D7DD88A308AF}.Release|Any CPU.Build.0 = Release|Any CPU
		{AC5999FB-4B52-4B82-B5B4-FC4F2227D0AF}.Debug|Any CPU.ActiveCfg = Debug|Any CPU
		{AC5999FB-4B52-4B82-B5B4-FC4F2227D0AF}.Debug|Any CPU.Build.0 = Debug|Any CPU
		{AC5999FB-4B52-4B82-B5B4-FC4F2227D0AF}.Release|Any CPU.ActiveCfg = Release|Any CPU
		{AC5999FB-4B52-4B82-B5B4-FC4F2227D0AF}.Release|Any CPU.Build.0 = Release|Any CPU
	EndGlobalSection
	GlobalSection(SolutionProperties) = preSolution
		HideSolutionNode = FALSE
	EndGlobalSection
	GlobalSection(ExtensibilityGlobals) = postSolution
		SolutionGuid = {D9733F55-A92E-4C4B-8F9E-31DB6C437B9F}
	EndGlobalSection
EndGlobal
